
Microsoft Visual Studio Solution File, Format Version 12.00
# Visual Studio Version 16
VisualStudioVersion = 16.0.30523.141
MinimumVisualStudioVersion = 10.0.40219.1
Project("{8BC9CEB8-8B4A-11D0-8D11-00A0C91BC942}") = "Project_21_5_24", "Project_21_5_24.vcxproj", "{F05CCC6D-3181-40AB-B0C0-D80E48F2AD7C}"
EndProject
Global
	GlobalSection(SolutionConfigurationPlatforms) = preSolution
		Debug|x64 = Debug|x64
		Debug|x86 = Debug|x86
		Release|x64 = Release|x64
		Release|x86 = Release|x86
	EndGlobalSection
	GlobalSection(ProjectConfigurationPlatforms) = postSolution
		{F05CCC6D-3181-40AB-B0C0-D80E48F2AD7C}.Debug|x64.ActiveCfg = Debug|x64
		{F05CCC6D-3181-40AB-B0C0-D80E48F2AD7C}.Debug|x64.Build.0 = Debug|x64
		{F05CCC6D-3181-40AB-B0C0-D80E48F2AD7C}.Debug|x86.ActiveCfg = Debug|Win32
		{F05CCC6D-3181-40AB-B0C0-D80E48F2AD7C}.Debug|x86.Build.0 = Debug|Win32
		{F05CCC6D-3181-40AB-B0C0-D80E48F2AD7C}.Release|x64.ActiveCfg = Release|x64
		{F05CCC6D-3181-40AB-B0C0-D80E48F2AD7C}.Release|x64.Build.0 = Release|x64
		{F05CCC6D-3181-40AB-B0C0-D80E48F2AD7C}.Release|x86.ActiveCfg = Release|Win32
		{F05CCC6D-3181-40AB-B0C0-D80E48F2AD7C}.Release|x86.Build.0 = Release|Win32
	EndGlobalSection
	GlobalSection(SolutionProperties) = preSolution
		HideSolutionNode = FALSE
	EndGlobalSection
	GlobalSection(ExtensibilityGlobals) = postSolution
		SolutionGuid = {358E230A-D245-4CDF-96AB-30085A03A079}
	EndGlobalSection
EndGlobal
